// !$*UTF8*$!
{
	archiveVersion = 1;
	classes = {
	};
	objectVersion = 46;
	objects = {

/* Begin PBXBuildFile section */
		662A0E901DBDA340005BB86A /* AppDelegate.swift in Sources */ = {isa = PBXBuildFile; fileRef = 662A0E8F1DBDA340005BB86A /* AppDelegate.swift */; };
		662A0E921DBDA340005BB86A /* ViewController.swift in Sources */ = {isa = PBXBuildFile; fileRef = 662A0E911DBDA340005BB86A /* ViewController.swift */; };
		662A0E951DBDA340005BB86A /* Main.storyboard in Resources */ = {isa = PBXBuildFile; fileRef = 662A0E931DBDA340005BB86A /* Main.storyboard */; };
		662A0E971DBDA340005BB86A /* Assets.xcassets in Resources */ = {isa = PBXBuildFile; fileRef = 662A0E961DBDA340005BB86A /* Assets.xcassets */; };
		662A0E9A1DBDA340005BB86A /* LaunchScreen.storyboard in Resources */ = {isa = PBXBuildFile; fileRef = 662A0E981DBDA340005BB86A /* LaunchScreen.storyboard */; };
/* End PBXBuildFile section */

/* Begin PBXFileReference section */
		662A0E8C1DBDA340005BB86A /* swift homework3.app */ = {isa = PBXFileReference; explicitFileType = wrapper.application; includeInIndex = 0; path = "swift homework3.app"; sourceTree = BUILT_PRODUCTS_DIR; };
		662A0E8F1DBDA340005BB86A /* AppDelegate.swift */ = {isa = PBXFileReference; lastKnownFileType = sourcecode.swift; path = AppDelegate.swift; sourceTree = "<group>"; };
		662A0E911DBDA340005BB86A /* ViewController.swift */ = {isa = PBXFileReference; lastKnownFileType = sourcecode.swift; path = ViewController.swift; sourceTree = "<group>"; };
		662A0E941DBDA340005BB86A /* Base */ = {isa = PBXFileReference; lastKnownFileType = file.storyboard; name = Base; path = Base.lproj/Main.storyboard; sourceTree = "<group>"; };
		662A0E961DBDA340005BB86A /* Assets.xcassets */ = {isa = PBXFileReference; lastKnownFileType = folder.assetcatalog; path = Assets.xcassets; sourceTree = "<group>"; };
		662A0E991DBDA340005BB86A /* Base */ = {isa = PBXFileReference; lastKnownFileType = file.storyboard; name = Base; path = Base.lproj/LaunchScreen.storyboard; sourceTree = "<group>"; };
		662A0E9B1DBDA340005BB86A /* Info.plist */ = {isa = PBXFileReference; lastKnownFileType = text.plist.xml; path = Info.plist; sourceTree = "<group>"; };
		662A0EA11DBDA35C005BB86A /* MyPlayground.playground */ = {isa = PBXFileReference; lastKnownFileType = file.playground; name = MyPlayground.playground; path = "swift homework3/MyPlayground.playground"; sourceTree = "<group>"; };
/* End PBXFileReference section */

/* Begin PBXFrameworksBuildPhase section */
		662A0E891DBDA340005BB86A /* Frameworks */ = {
			isa = PBXFrameworksBuildPhase;
			buildActionMask = 2147483647;
			files = (
			);
			runOnlyForDeploymentPostprocessing = 0;
		};
/* End PBXFrameworksBuildPhase section */

/* Begin PBXGroup section */
		662A0E831DBDA33F005BB86A = {
			isa = PBXGroup;
			children = (
				662A0EA11DBDA35C005BB86A /* MyPlayground.playground */,
				662A0E8E1DBDA340005BB86A /* swift homework3 */,
				662A0E8D1DBDA340005BB86A /* Products */,
			);
			sourceTree = "<group>";
		};
		662A0E8D1DBDA340005BB86A /* Products */ = {
			isa = PBXGroup;
			children = (
				662A0E8C1DBDA340005BB86A /* swift homework3.app */,
			);
			name = Products;
			sourceTree = "<group>";
		};
		662A0E8E1DBDA340005BB86A /* swift homework3 */ = {
			isa = PBXGroup;
			children = (
				662A0E8F1DBDA340005BB86A /* AppDelegate.swift */,
				662A0E911DBDA340005BB86A /* ViewController.swift */,
				662A0E931DBDA340005BB86A /* Main.storyboard */,
				662A0E961DBDA340005BB86A /* Assets.xcassets */,
				662A0E981DBDA340005BB86A /* LaunchScreen.storyboard */,
				662A0E9B1DBDA340005BB86A /* Info.plist */,
			);
			path = "swift homework3";
			sourceTree = "<group>";
		};
/* End PBXGroup section */

/* Begin PBXNativeTarget section */
		662A0E8B1DBDA340005BB86A /* swift homework3 */ = {
			isa = PBXNativeTarget;
			buildConfigurationList = 662A0E9E1DBDA340005BB86A /* Build configuration list for PBXNativeTarget "swift homework3" */;
			buildPhases = (
				662A0E881DBDA340005BB86A /* Sources */,
				662A0E891DBDA340005BB86A /* Frameworks */,
				662A0E8A1DBDA340005BB86A /* Resources */,
			);
			buildRules = (
			);
			dependencies = (
			);
			name = "swift homework3";
			productName = "swift homework3";
			productReference = 662A0E8C1DBDA340005BB86A /* swift homework3.app */;
			productType = "com.apple.product-type.application";
		};
/* End PBXNativeTarget section */

/* Begin PBXProject section */
		662A0E841DBDA33F005BB86A /* Project object */ = {
			isa = PBXProject;
			attributes = {
				LastSwiftUpdateCheck = 0800;
				LastUpgradeCheck = 0800;
				ORGANIZATIONNAME = PICKACHU;
				TargetAttributes = {
					662A0E8B1DBDA340005BB86A = {
						CreatedOnToolsVersion = 8.0;
						DevelopmentTeam = UDV7277UZE;
						ProvisioningStyle = Automatic;
					};
				};
			};
			buildConfigurationList = 662A0E871DBDA33F005BB86A /* Build configuration list for PBXProject "swift homework3" */;
			compatibilityVersion = "Xcode 3.2";
			developmentRegion = English;
			hasScannedForEncodings = 0;
			knownRegions = (
				en,
				Base,
			);
			mainGroup = 662A0E831DBDA33F005BB86A;
			productRefGroup = 662A0E8D1DBDA340005BB86A /* Products */;
			projectDirPath = "";
			projectRoot = "";
			targets = (
				662A0E8B1DBDA340005BB86A /* swift homework3 */,
			);
		};
/* End PBXProject section */

/* Begin PBXResourcesBuildPhase section */
		662A0E8A1DBDA340005BB86A /* Resources */ = {
			isa = PBXResourcesBuildPhase;
			buildActionMask = 2147483647;
			files = (
				662A0E9A1DBDA340005BB86A /* LaunchScreen.storyboard in Resources */,
				662A0E971DBDA340005BB86A /* Assets.xcassets in Resources */,
				662A0E951DBDA340005BB86A /* Main.storyboard in Resources */,
			);
			runOnlyForDeploymentPostprocessing = 0;
		};
/* End PBXResourcesBuildPhase section */

/* Begin PBXSourcesBuildPhase section */
		662A0E881DBDA340005BB86A /* Sources */ = {
			isa = PBXSourcesBuildPhase;
			buildActionMask = 2147483647;
			files = (
				662A0E921DBDA340005BB86A /* ViewController.swift in Sources */,
				662A0E901DBDA340005BB86A /* AppDelegate.swift in Sources */,
			);
			runOnlyForDeploymentPostprocessing = 0;
		};
/* End PBXSourcesBuildPhase section */

/* Begin PBXVariantGroup section */
		662A0E931DBDA340005BB86A /* Main.storyboard */ = {
			isa = PBXVariantGroup;
			children = (
				662A0E941DBDA340005BB86A /* Base */,
			);
			name = Main.storyboard;
			sourceTree = "<group>";
		};
		662A0E981DBDA340005BB86A /* LaunchScreen.storyboard */ = {
			isa = PBXVariantGroup;
			children = (
				662A0E991DBDA340005BB86A /* Base */,
			);
			name = LaunchScreen.storyboard;
			sourceTree = "<group>";
		};
/* End PBXVariantGroup section */

/* Begin XCBuildConfiguration section */
		662A0E9C1DBDA340005BB86A /* Debug */ = {
			isa = XCBuildConfiguration;
			buildSettings = {
				ALWAYS_SEARCH_USER_PATHS = NO;
				CLANG_ANALYZER_NONNULL = YES;
				CLANG_CXX_LANGUAGE_STANDARD = "gnu++0x";
				CLANG_CXX_LIBRARY = "libc++";
				CLANG_ENABLE_MODULES = YES;
				CLANG_ENABLE_OBJC_ARC = YES;
				CLANG_WARN_BOOL_CONVERSION = YES;
				CLANG_WARN_CONSTANT_CONVERSION = YES;
				CLANG_WARN_DIRECT_OBJC_ISA_USAGE = YES_ERROR;
				CLANG_WARN_DOCUMENTATION_COMMENTS = YES;
				CLANG_WARN_EMPTY_BODY = YES;
				CLANG_WARN_ENUM_CONVERSION = YES;
				CLANG_WARN_INFINITE_RECURSION = YES;
				CLANG_WARN_INT_CONVERSION = YES;
				CLANG_WARN_OBJC_ROOT_CLASS = YES_ERROR;
				CLANG_WARN_SUSPICIOUS_MOVES = YES;
				CLANG_WARN_UNREACHABLE_CODE = YES;
				CLANG_WARN__DUPLICATE_METHOD_MATCH = YES;
				"CODE_SIGN_IDENTITY[sdk=iphoneos*]" = "iPhone Developer";
				COPY_PHASE_STRIP = NO;
				DEBUG_INFORMATION_FORMAT = dwarf;
				ENABLE_STRICT_OBJC_MSGSEND = YES;
				ENABLE_TESTABILITY = YES;
				GCC_C_LANGUAGE_STANDARD = gnu99;
				GCC_DYNAMIC_NO_PIC = NO;
				GCC_NO_COMMON_BLOCKS = YES;
				GCC_OPTIMIZATION_LEVEL = 0;
				GCC_PREPROCESSOR_DEFINITIONS = (
					"DEBUG=1",
					"$(inherited)",
				);
				GCC_WARN_64_TO_32_BIT_CONVERSION = YES;
				GCC_WARN_ABOUT_RETURN_TYPE = YES_ERROR;
				GCC_WARN_UNDECLARED_SELECTOR = YES;
				GCC_WARN_UNINITIALIZED_AUTOS = YES_AGGRESSIVE;
				GCC_WARN_UNUSED_FUNCTION = YES;
				GCC_WARN_UNUSED_VARIABLE = YES;
				IPHONEOS_DEPLOYMENT_TARGET = 10.0;
				MTL_ENABLE_DEBUG_INFO = YES;
				ONLY_ACTIVE_ARCH = YES;
				SDKROOT = iphoneos;
				SWIFT_ACTIVE_COMPILATION_CONDITIONS = DEBUG;
				SWIFT_OPTIMIZATION_LEVEL = "-Onone";
			};
			name = Debug;
		};
		662A0E9D1DBDA340005BB86A /* Release */ = {
			isa = XCBuildConfiguration;
			buildSettings = {
				ALWAYS_SEARCH_USER_PATHS = NO;
				CLANG_ANALYZER_NONNULL = YES;
				CLANG_CXX_LANGUAGE_STANDARD = "gnu++0x";
				CLANG_CXX_LIBRARY = "libc++";
				CLANG_ENABLE_MODULES = YES;
				CLANG_ENABLE_OBJC_ARC = YES;
				CLANG_WARN_BOOL_CONVERSION = YES;
				CLANG_WARN_CONSTANT_CONVERSION = YES;
				CLANG_WARN_DIRECT_OBJC_ISA_USAGE = YES_ERROR;
				CLANG_WARN_DOCUMENTATION_COMMENTS = YES;
				CLANG_WARN_EMPTY_BODY = YES;
				CLANG_WARN_ENUM_CONVERSION = YES;
				CLANG_WARN_INFINITE_RECURSION = YES;
				CLANG_WARN_INT_CONVERSION = YES;
				CLANG_WARN_OBJC_ROOT_CLASS = YES_ERROR;
				CLANG_WARN_SUSPICIOUS_MOVES = YES;
				CLANG_WARN_UNREACHABLE_CODE = YES;
				CLANG_WARN__DUPLICATE_METHOD_MATCH = YES;
				"CODE_SIGN_IDENTITY[sdk=iphoneos*]" = "iPhone Developer";
				COPY_PHASE_STRIP = NO;
				DEBUG_INFORMATION_FORMAT = "dwarf-with-dsym";
				ENABLE_NS_ASSERTIONS = NO;
				ENABLE_STRICT_OBJC_MSGSEND = YES;
				GCC_C_LANGUAGE_STANDARD = gnu99;
				GCC_NO_COMMON_BLOCKS = YES;
				GCC_WARN_64_TO_32_BIT_CONVERSION = YES;
				GCC_WARN_ABOUT_RETURN_TYPE = YES_ERROR;
				GCC_WARN_UNDECLARED_SELECTOR = YES;
				GCC_WARN_UNINITIALIZED_AUTOS = YES_AGGRESSIVE;
				GCC_WARN_UNUSED_FUNCTION = YES;
				GCC_WARN_UNUSED_VARIABLE = YES;
				IPHONEOS_DEPLOYMENT_TARGET = 10.0;
				MTL_ENABLE_DEBUG_INFO = NO;
				SDKROOT = iphoneos;
				SWIFT_OPTIMIZATION_LEVEL = "-Owholemodule";
				VALIDATE_PRODUCT = YES;
			};
			name = Release;
		};
		662A0E9F1DBDA340005BB86A /* Debug */ = {
			isa = XCBuildConfiguration;
			buildSettings = {
				ASSETCATALOG_COMPILER_APPICON_NAME = AppIcon;
				DEVELOPMENT_TEAM = UDV7277UZE;
				INFOPLIST_FILE = "swift homework3/Info.plist";
				LD_RUNPATH_SEARCH_PATHS = "$(inherited) @executable_path/Frameworks";
				PRODUCT_BUNDLE_IDENTIFIER = "com.pickachu.swift-homework3";
				PRODUCT_NAME = "$(TARGET_NAME)";
				SWIFT_VERSION = 3.0;
			};
			name = Debug;
		};
		662A0EA01DBDA340005BB86A /* Release */ = {
			isa = XCBuildConfiguration;
			buildSettings = {
				ASSETCATALOG_COMPILER_APPICON_NAME = AppIcon;
				DEVELOPMENT_TEAM = UDV7277UZE;
				INFOPLIST_FILE = "swift homework3/Info.plist";
				LD_RUNPATH_SEARCH_PATHS = "$(inherited) @executable_path/Frameworks";
				PRODUCT_BUNDLE_IDENTIFIER = "com.pickachu.swift-homework3";
				PRODUCT_NAME = "$(TARGET_NAME)";
				SWIFT_VERSION = 3.0;
			};
			name = Release;
		};
/* End XCBuildConfiguration section */

/* Begin XCConfigurationList section */
		662A0E871DBDA33F005BB86A /* Build configuration list for PBXProject "swift homework3" */ = {
			isa = XCConfigurationList;
			buildConfigurations = (
				662A0E9C1DBDA340005BB86A /* Debug */,
				662A0E9D1DBDA340005BB86A /* Release */,
			);
			defaultConfigurationIsVisible = 0;
			defaultConfigurationName = Release;
		};
		662A0E9E1DBDA340005BB86A /* Build configuration list for PBXNativeTarget "swift homework3" */ = {
			isa = XCConfigurationList;
			buildConfigurations = (
				662A0E9F1DBDA340005BB86A /* Debug */,
				662A0EA01DBDA340005BB86A /* Release */,
			);
			defaultConfigurationIsVisible = 0;
		};
/* End XCConfigurationList section */
	};
	rootObject = 662A0E841DBDA33F005BB86A /* Project object */;
}
